{
  "name": "pwa-movie-viewer",
  "version": "0.1.0",
  "lockfileVersion": 3,
  "requires": true,
  "packages": {
    "": {
      "name": "pwa-movie-viewer",
      "version": "0.1.0",
      "private": true,
      "type": "module",
      "dependencies": {
        "react": "18.3.1",
        "react-dom": "18.3.1"
      },
      "devDependencies": {
        "@types/react": "18.3.10",
        "@types/react-dom": "18.3.0",
        "@vitejs/plugin-react": "4.3.4",
        "typescript": "5.5.4",
        "vite": "5.4.10",
        "vite-plugin-pwa": "0.20.5"
      }
    }
  },
  "dependencies": {
    "react": {
      "version": "18.3.1",
      "requires": {
        "loose-envify": "^1.1.0"
      }
    },
    "react-dom": {
      "version": "18.3.1",
      "requires": {
        "loose-envify": "^1.1.0",
        "scheduler": "^0.23.0"
      }
    }
  }
}
